// !$*UTF8*$!
{
	archiveVersion = 1;
	classes = {
	};
	objectVersion = 46;
	objects = {

/* Begin PBXBuildFile section */
		FD839D031AD60DF000087F30 /* printLastKLines.cpp in Sources */ = {isa = PBXBuildFile; fileRef = FD839D011AD60DF000087F30 /* printLastKLines.cpp */; };
		FDE029861AC4971200FA923D /* main.cpp in Sources */ = {isa = PBXBuildFile; fileRef = FDE029851AC4971200FA923D /* main.cpp */; };
		FDE029911AC4977100FA923D /* stringHelper.cpp in Sources */ = {isa = PBXBuildFile; fileRef = FDE0298F1AC4977100FA923D /* stringHelper.cpp */; };
/* End PBXBuildFile section */

/* Begin PBXCopyFilesBuildPhase section */
		FDE029801AC4971200FA923D /* CopyFiles */ = {
			isa = PBXCopyFilesBuildPhase;
			buildActionMask = 2147483647;
			dstPath = /usr/share/man/man1/;
			dstSubfolderSpec = 0;
			files = (
			);
			runOnlyForDeploymentPostprocessing = 1;
		};
/* End PBXCopyFilesBuildPhase section */

/* Begin PBXFileReference section */
		FD839D011AD60DF000087F30 /* printLastKLines.cpp */ = {isa = PBXFileReference; fileEncoding = 4; lastKnownFileType = sourcecode.cpp.cpp; path = printLastKLines.cpp; sourceTree = "<group>"; };
		FD839D021AD60DF000087F30 /* printLastKLines.h */ = {isa = PBXFileReference; fileEncoding = 4; lastKnownFileType = sourcecode.c.h; path = printLastKLines.h; sourceTree = "<group>"; };
		FDE029821AC4971200FA923D /* CrackingCodingInterviewCpp */ = {isa = PBXFileReference; explicitFileType = "compiled.mach-o.executable"; includeInIndex = 0; path = CrackingCodingInterviewCpp; sourceTree = BUILT_PRODUCTS_DIR; };
		FDE029851AC4971200FA923D /* main.cpp */ = {isa = PBXFileReference; lastKnownFileType = sourcecode.cpp.cpp; path = main.cpp; sourceTree = "<group>"; };
		FDE0298F1AC4977100FA923D /* stringHelper.cpp */ = {isa = PBXFileReference; fileEncoding = 4; lastKnownFileType = sourcecode.cpp.cpp; path = stringHelper.cpp; sourceTree = "<group>"; };
		FDE029901AC4977100FA923D /* stringHelper.h */ = {isa = PBXFileReference; fileEncoding = 4; lastKnownFileType = sourcecode.c.h; path = stringHelper.h; sourceTree = "<group>"; };
/* End PBXFileReference section */

/* Begin PBXFrameworksBuildPhase section */
		FDE0297F1AC4971200FA923D /* Frameworks */ = {
			isa = PBXFrameworksBuildPhase;
			buildActionMask = 2147483647;
			files = (
			);
			runOnlyForDeploymentPostprocessing = 0;
		};
/* End PBXFrameworksBuildPhase section */

/* Begin PBXGroup section */
		FDE029791AC4971100FA923D = {
			isa = PBXGroup;
			children = (
				FDE029841AC4971200FA923D /* CrackingCodingInterviewCpp */,
				FDE029831AC4971200FA923D /* Products */,
			);
			sourceTree = "<group>";
		};
		FDE029831AC4971200FA923D /* Products */ = {
			isa = PBXGroup;
			children = (
				FDE029821AC4971200FA923D /* CrackingCodingInterviewCpp */,
			);
			name = Products;
			sourceTree = "<group>";
		};
		FDE029841AC4971200FA923D /* CrackingCodingInterviewCpp */ = {
			isa = PBXGroup;
			children = (
				FDE0298E1AC4973C00FA923D /* test */,
				FDE0298D1AC4972E00FA923D /* include */,
				FDE0298C1AC4972200FA923D /* src */,
			);
			path = CrackingCodingInterviewCpp;
			sourceTree = "<group>";
		};
		FDE0298C1AC4972200FA923D /* src */ = {
			isa = PBXGroup;
			children = (
				FD839D011AD60DF000087F30 /* printLastKLines.cpp */,
				FDE0298F1AC4977100FA923D /* stringHelper.cpp */,
				FDE029851AC4971200FA923D /* main.cpp */,
			);
			name = src;
			sourceTree = "<group>";
		};
		FDE0298D1AC4972E00FA923D /* include */ = {
			isa = PBXGroup;
			children = (
				FDE029901AC4977100FA923D /* stringHelper.h */,
				FD839D021AD60DF000087F30 /* printLastKLines.h */,
			);
			name = include;
			sourceTree = "<group>";
		};
		FDE0298E1AC4973C00FA923D /* test */ = {
			isa = PBXGroup;
			children = (
			);
			name = test;
			sourceTree = "<group>";
		};
/* End PBXGroup section */

/* Begin PBXNativeTarget section */
		FDE029811AC4971200FA923D /* CrackingCodingInterviewCpp */ = {
			isa = PBXNativeTarget;
			buildConfigurationList = FDE029891AC4971200FA923D /* Build configuration list for PBXNativeTarget "CrackingCodingInterviewCpp" */;
			buildPhases = (
				FDE0297E1AC4971200FA923D /* Sources */,
				FDE0297F1AC4971200FA923D /* Frameworks */,
				FDE029801AC4971200FA923D /* CopyFiles */,
			);
			buildRules = (
			);
			dependencies = (
			);
			name = CrackingCodingInterviewCpp;
			productName = CrackingCodingInterviewCpp;
			productReference = FDE029821AC4971200FA923D /* CrackingCodingInterviewCpp */;
			productType = "com.apple.product-type.tool";
		};
/* End PBXNativeTarget section */

/* Begin PBXProject section */
		FDE0297A1AC4971100FA923D /* Project object */ = {
			isa = PBXProject;
			attributes = {
				LastUpgradeCheck = 0620;
				ORGANIZATIONNAME = " Zhongrui Li";
				TargetAttributes = {
					FDE029811AC4971200FA923D = {
						CreatedOnToolsVersion = 6.2;
					};
				};
			};
			buildConfigurationList = FDE0297D1AC4971100FA923D /* Build configuration list for PBXProject "CrackingCodingInterviewCpp" */;
			compatibilityVersion = "Xcode 3.2";
			developmentRegion = English;
			hasScannedForEncodings = 0;
			knownRegions = (
				en,
			);
			mainGroup = FDE029791AC4971100FA923D;
			productRefGroup = FDE029831AC4971200FA923D /* Products */;
			projectDirPath = "";
			projectRoot = "";
			targets = (
				FDE029811AC4971200FA923D /* CrackingCodingInterviewCpp */,
			);
		};
/* End PBXProject section */

/* Begin PBXSourcesBuildPhase section */
		FDE0297E1AC4971200FA923D /* Sources */ = {
			isa = PBXSourcesBuildPhase;
			buildActionMask = 2147483647;
			files = (
				FDE029911AC4977100FA923D /* stringHelper.cpp in Sources */,
				FD839D031AD60DF000087F30 /* printLastKLines.cpp in Sources */,
				FDE029861AC4971200FA923D /* main.cpp in Sources */,
			);
			runOnlyForDeploymentPostprocessing = 0;
		};
/* End PBXSourcesBuildPhase section */

/* Begin XCBuildConfiguration section */
		FDE029871AC4971200FA923D /* Debug */ = {
			isa = XCBuildConfiguration;
			buildSettings = {
				ALWAYS_SEARCH_USER_PATHS = NO;
				CLANG_CXX_LANGUAGE_STANDARD = "gnu++0x";
				CLANG_CXX_LIBRARY = "libc++";
				CLANG_ENABLE_MODULES = YES;
				CLANG_ENABLE_OBJC_ARC = YES;
				CLANG_WARN_BOOL_CONVERSION = YES;
				CLANG_WARN_CONSTANT_CONVERSION = YES;
				CLANG_WARN_DIRECT_OBJC_ISA_USAGE = YES_ERROR;
				CLANG_WARN_EMPTY_BODY = YES;
				CLANG_WARN_ENUM_CONVERSION = YES;
				CLANG_WARN_INT_CONVERSION = YES;
				CLANG_WARN_OBJC_ROOT_CLASS = YES_ERROR;
				CLANG_WARN_UNREACHABLE_CODE = YES;
				CLANG_WARN__DUPLICATE_METHOD_MATCH = YES;
				COPY_PHASE_STRIP = NO;
				ENABLE_STRICT_OBJC_MSGSEND = YES;
				GCC_C_LANGUAGE_STANDARD = gnu99;
				GCC_DYNAMIC_NO_PIC = NO;
				GCC_OPTIMIZATION_LEVEL = 0;
				GCC_PREPROCESSOR_DEFINITIONS = (
					"DEBUG=1",
					"$(inherited)",
				);
				GCC_SYMBOLS_PRIVATE_EXTERN = NO;
				GCC_WARN_64_TO_32_BIT_CONVERSION = YES;
				GCC_WARN_ABOUT_RETURN_TYPE = YES_ERROR;
				GCC_WARN_UNDECLARED_SELECTOR = YES;
				GCC_WARN_UNINITIALIZED_AUTOS = YES_AGGRESSIVE;
				GCC_WARN_UNUSED_FUNCTION = YES;
				GCC_WARN_UNUSED_VARIABLE = YES;
				MACOSX_DEPLOYMENT_TARGET = 10.10;
				MTL_ENABLE_DEBUG_INFO = YES;
				ONLY_ACTIVE_ARCH = YES;
				SDKROOT = macosx;
			};
			name = Debug;
		};
		FDE029881AC4971200FA923D /* Release */ = {
			isa = XCBuildConfiguration;
			buildSettings = {
				ALWAYS_SEARCH_USER_PATHS = NO;
				CLANG_CXX_LANGUAGE_STANDARD = "gnu++0x";
				CLANG_CXX_LIBRARY = "libc++";
				CLANG_ENABLE_MODULES = YES;
				CLANG_ENABLE_OBJC_ARC = YES;
				CLANG_WARN_BOOL_CONVERSION = YES;
				CLANG_WARN_CONSTANT_CONVERSION = YES;
				CLANG_WARN_DIRECT_OBJC_ISA_USAGE = YES_ERROR;
				CLANG_WARN_EMPTY_BODY = YES;
				CLANG_WARN_ENUM_CONVERSION = YES;
				CLANG_WARN_INT_CONVERSION = YES;
				CLANG_WARN_OBJC_ROOT_CLASS = YES_ERROR;
				CLANG_WARN_UNREACHABLE_CODE = YES;
				CLANG_WARN__DUPLICATE_METHOD_MATCH = YES;
				COPY_PHASE_STRIP = NO;
				DEBUG_INFORMATION_FORMAT = "dwarf-with-dsym";
				ENABLE_NS_ASSERTIONS = NO;
				ENABLE_STRICT_OBJC_MSGSEND = YES;
				GCC_C_LANGUAGE_STANDARD = gnu99;
				GCC_WARN_64_TO_32_BIT_CONVERSION = YES;
				GCC_WARN_ABOUT_RETURN_TYPE = YES_ERROR;
				GCC_WARN_UNDECLARED_SELECTOR = YES;
				GCC_WARN_UNINITIALIZED_AUTOS = YES_AGGRESSIVE;
				GCC_WARN_UNUSED_FUNCTION = YES;
				GCC_WARN_UNUSED_VARIABLE = YES;
				MACOSX_DEPLOYMENT_TARGET = 10.10;
				MTL_ENABLE_DEBUG_INFO = NO;
				SDKROOT = macosx;
			};
			name = Release;
		};
		FDE0298A1AC4971200FA923D /* Debug */ = {
			isa = XCBuildConfiguration;
			buildSettings = {
				PRODUCT_NAME = "$(TARGET_NAME)";
			};
			name = Debug;
		};
		FDE0298B1AC4971200FA923D /* Release */ = {
			isa = XCBuildConfiguration;
			buildSettings = {
				PRODUCT_NAME = "$(TARGET_NAME)";
			};
			name = Release;
		};
/* End XCBuildConfiguration section */

/* Begin XCConfigurationList section */
		FDE0297D1AC4971100FA923D /* Build configuration list for PBXProject "CrackingCodingInterviewCpp" */ = {
			isa = XCConfigurationList;
			buildConfigurations = (
				FDE029871AC4971200FA923D /* Debug */,
				FDE029881AC4971200FA923D /* Release */,
			);
			defaultConfigurationIsVisible = 0;
			defaultConfigurationName = Release;
		};
		FDE029891AC4971200FA923D /* Build configuration list for PBXNativeTarget "CrackingCodingInterviewCpp" */ = {
			isa = XCConfigurationList;
			buildConfigurations = (
				FDE0298A1AC4971200FA923D /* Debug */,
				FDE0298B1AC4971200FA923D /* Release */,
			);
			defaultConfigurationIsVisible = 0;
			defaultConfigurationName = Release;
		};
/* End XCConfigurationList section */
	};
	rootObject = FDE0297A1AC4971100FA923D /* Project object */;
}
